
Microsoft Visual Studio Solution File, Format Version 12.00
# Visual Studio Version 16
VisualStudioVersion = 16.0.30204.135
MinimumVisualStudioVersion = 10.0.40219.1
Project("{9A19103F-16F7-4668-BE54-9A1E7A4F7556}") = "playground-dotnet-getting-started", "playground-dotnet-getting-started.csproj", "{96B99BC4-3331-44B6-9FA0-735525670E53}"
EndProject
Global
	GlobalSection(SolutionConfigurationPlatforms) = preSolution
		Debug|Any CPU = Debug|Any CPU
		Release|Any CPU = Release|Any CPU
	EndGlobalSection
	GlobalSection(ProjectConfigurationPlatforms) = postSolution
		{96B99BC4-3331-44B6-9FA0-735525670E53}.Debug|Any CPU.ActiveCfg = Debug|Any CPU
		{96B99BC4-3331-44B6-9FA0-735525670E53}.Debug|Any CPU.Build.0 = Debug|Any CPU
		{96B99BC4-3331-44B6-9FA0-735525670E53}.Release|Any CPU.ActiveCfg = Release|Any CPU
		{96B99BC4-3331-44B6-9FA0-735525670E53}.Release|Any CPU.Build.0 = Release|Any CPU
	EndGlobalSection
	GlobalSection(SolutionProperties) = preSolution
		HideSolutionNode = FALSE
	EndGlobalSection
	GlobalSection(ExtensibilityGlobals) = postSolution
		SolutionGuid = {981EE3E7-1678-48FB-A698-838B4E8992E6}
	EndGlobalSection
EndGlobal
